{
  "name": "bachelorthesis",
  "lockfileVersion": 2,
  "requires": true,
  "packages": {
    "": {
      "dependencies": {
        "@angular/cdk": "^14.0.5",
        "@angular/material": "^14.0.5",
        "@angular/material-moment-adapter": "^14.0.5"
      }
    },
    "node_modules/@angular/animations": {
      "version": "14.0.6",
      "resolved": "https://registry.npmjs.org/@angular/animations/-/animations-14.0.6.tgz",
      "integrity": "sha512-l363hFgj5Dxw6WKZkJRd77izOznCqJVrWhxfO9ERG0ShVUb/3WB9RSOUCVltDrTY5sFK+cw+slQYGH6AXgvMVQ==",
      "peer": true,
      "dependencies": {
        "tslib": "^2.3.0"
      },
      "engines": {
        "node": "^14.15.0 || >=16.10.0"
      },
      "peerDependencies": {
        "@angular/core": "14.0.6"
      }
    },
    "node_modules/@angular/cdk": {
      "version": "14.0.5",
      "resolved": "https://registry.npmjs.org/@angular/cdk/-/cdk-14.0.5.tgz",
      "integrity": "sha512-9mfrCiFI8Lyn+aVpJWgzFhTHDNA0yopjPy4p84JwgeLZ0BlJks1pUNuc7bqPNydhwvGWlRSEohsTh78hlSm1vA==",
      "dependencies": {
        "tslib": "^2.3.0"
      },
      "optionalDependencies": {
        "parse5": "^5.0.0"
      },
      "peerDependencies": {
        "@angular/common": "^14.0.0 || ^15.0.0",
        "@angular/core": "^14.0.0 || ^15.0.0",
        "rxjs": "^6.5.3 || ^7.4.0"
      }
    },
    "node_modules/@angular/common": {
      "version": "14.0.6",
      "resolved": "https://registry.npmjs.org/@angular/common/-/common-14.0.6.tgz",
      "integrity": "sha512-AynjE7OOEfrdKmS3nu00tkf4g66cx97T6qhfaTvc3hKi45MreBcJkIMcSowF24peygvUN41htMJuq3WQLu92iQ==",
      "peer": true,
      "dependencies": {
        "tslib": "^2.3.0"
      },
      "engines": {
        "node": "^14.15.0 || >=16.10.0"
      },
      "peerDependencies": {
        "@angular/core": "14.0.6",
        "rxjs": "^6.5.3 || ^7.4.0"
      }
    },
    "node_modules/@angular/core": {
      "version": "14.0.6",
      "resolved": "https://registry.npmjs.org/@angular/core/-/core-14.0.6.tgz",
      "integrity": "sha512-hyQ3s9Yrm3ejhumgAC9ENhMFmvmPlJkk1tEOjruyoiHwK4EOaDpI+GCNQIBUB1Z3B/QLMlgZeMXrULQztjSQwg==",
      "peer": true,
      "dependencies": {
        "tslib": "^2.3.0"
      },
      "engines": {
        "node": "^14.15.0 || >=16.10.0"
      },
      "peerDependencies": {
        "rxjs": "^6.5.3 || ^7.4.0",
        "zone.js": "~0.11.4"
      }
    },
    "node_modules/@angular/forms": {
      "version": "14.0.6",
      "resolved": "https://registry.npmjs.org/@angular/forms/-/forms-14.0.6.tgz",
      "integrity": "sha512-ITa3A6pWecDgDjBTlwQnJnSOc1o35bIvRpTclLx/ysDbn4FB2tPy4iseCSrOlgdJHZjBcHBIxX27yYjWyBfIwQ==",
      "peer": true,
      "dependencies": {
        "tslib": "^2.3.0"
      },
      "engines": {
        "node": "^14.15.0 || >=16.10.0"
      },
      "peerDependencies": {
        "@angular/common": "14.0.6",
        "@angular/core": "14.0.6",
        "@angular/platform-browser": "14.0.6",
        "rxjs": "^6.5.3 || ^7.4.0"
      }
    },
    "node_modules/@angular/material": {
      "version": "14.0.5",
      "resolved": "https://registry.npmjs.org/@angular/material/-/material-14.0.5.tgz",
      "integrity": "sha512-IjY85AhvgTBNaNDjxi10d6nuEvSynO4jioaO+6LYkdAba/d3Lr2MktyNBtc9UWKfaitMVQwE8qvqf3dTskmGBg==",
      "dependencies": {
        "tslib": "^2.3.0"
      },
      "peerDependencies": {
        "@angular/animations": "^14.0.0 || ^15.0.0",
        "@angular/cdk": "14.0.5",
        "@angular/common": "^14.0.0 || ^15.0.0",
        "@angular/core": "^14.0.0 || ^15.0.0",
        "@angular/forms": "^14.0.0 || ^15.0.0",
        "@angular/platform-browser": "^14.0.0 || ^15.0.0",
        "rxjs": "^6.5.3 || ^7.4.0"
      }
    },
    "node_modules/@angular/material-moment-adapter": {
      "version": "14.0.5",
      "resolved": "https://registry.npmjs.org/@angular/material-moment-adapter/-/material-moment-adapter-14.0.5.tgz",
      "integrity": "sha512-p6vPFUFE3jqD9bF+TO4ozelwR+x+n+qY0qAGNS13V7QnhZw6gjGdEe90UyPXs1rUO7nNaNPinICBBzVPmKY6ww==",
      "dependencies": {
        "tslib": "^2.3.0"
      },
      "peerDependencies": {
        "@angular/core": "^14.0.0 || ^15.0.0",
        "@angular/material": "14.0.5",
        "moment": "^2.18.1"
      }
    },
    "node_modules/@angular/platform-browser": {
      "version": "14.0.6",
      "resolved": "https://registry.npmjs.org/@angular/platform-browser/-/platform-browser-14.0.6.tgz",
      "integrity": "sha512-d9PS2E5HSgiKzItHzVdxdBoMeaOvlDo6ccSEXLYCGyJ9MykDjKvJPWy6GicilBPa8g4VGJpk9J+lbgXXAOkCFA==",
      "peer": true,
      "dependencies": {
        "tslib": "^2.3.0"
      },
      "engines": {
        "node": "^14.15.0 || >=16.10.0"
      },
      "peerDependencies": {
        "@angular/animations": "14.0.6",
        "@angular/common": "14.0.6",
        "@angular/core": "14.0.6"
      },
      "peerDependenciesMeta": {
        "@angular/animations": {
          "optional": true
        }
      }
    },
    "node_modules/moment": {
      "version": "2.29.4",
      "resolved": "https://registry.npmjs.org/moment/-/moment-2.29.4.tgz",
      "integrity": "sha512-5LC9SOxjSc2HF6vO2CyuTDNivEdoz2IvyJJGj6X8DJ0eFyfszE0QiEd+iXmBvUP3WHxSjFH/vIsA0EN00cgr8w==",
      "peer": true,
      "engines": {
        "node": "*"
      }
    },
    "node_modules/parse5": {
      "version": "5.1.1",
      "resolved": "https://registry.npmjs.org/parse5/-/parse5-5.1.1.tgz",
      "integrity": "sha512-ugq4DFI0Ptb+WWjAdOK16+u/nHfiIrcE+sh8kZMaM0WllQKLI9rOUq6c2b7cwPkXdzfQESqvoqK6ug7U/Yyzug==",
      "optional": true
    },
    "node_modules/rxjs": {
      "version": "7.5.6",
      "resolved": "https://registry.npmjs.org/rxjs/-/rxjs-7.5.6.tgz",
      "integrity": "sha512-dnyv2/YsXhnm461G+R/Pe5bWP41Nm6LBXEYWI6eiFP4fiwx6WRI/CD0zbdVAudd9xwLEF2IDcKXLHit0FYjUzw==",
      "peer": true,
      "dependencies": {
        "tslib": "^2.1.0"
      }
    },
    "node_modules/tslib": {
      "version": "2.4.0",
      "resolved": "https://registry.npmjs.org/tslib/-/tslib-2.4.0.tgz",
      "integrity": "sha512-d6xOpEDfsi2CZVlPQzGeux8XMwLT9hssAsaPYExaQMuYskwb+x1x7J371tWlbBdWHroy99KnVB6qIkUbs5X3UQ=="
    },
    "node_modules/zone.js": {
      "version": "0.11.6",
      "resolved": "https://registry.npmjs.org/zone.js/-/zone.js-0.11.6.tgz",
      "integrity": "sha512-umJqFtKyZlPli669gB1gOrRE9hxUUGkZr7mo878z+NEBJZZixJkKeVYfnoLa7g25SseUDc92OZrMKKHySyJrFg==",
      "peer": true,
      "dependencies": {
        "tslib": "^2.3.0"
      }
    }
  },
  "dependencies": {
    "@angular/animations": {
      "version": "14.0.6",
      "resolved": "https://registry.npmjs.org/@angular/animations/-/animations-14.0.6.tgz",
      "integrity": "sha512-l363hFgj5Dxw6WKZkJRd77izOznCqJVrWhxfO9ERG0ShVUb/3WB9RSOUCVltDrTY5sFK+cw+slQYGH6AXgvMVQ==",
      "peer": true,
      "requires": {
        "tslib": "^2.3.0"
      }
    },
    "@angular/cdk": {
      "version": "14.0.5",
      "resolved": "https://registry.npmjs.org/@angular/cdk/-/cdk-14.0.5.tgz",
      "integrity": "sha512-9mfrCiFI8Lyn+aVpJWgzFhTHDNA0yopjPy4p84JwgeLZ0BlJks1pUNuc7bqPNydhwvGWlRSEohsTh78hlSm1vA==",
      "requires": {
        "parse5": "^5.0.0",
        "tslib": "^2.3.0"
      }
    },
    "@angular/common": {
      "version": "14.0.6",
      "resolved": "https://registry.npmjs.org/@angular/common/-/common-14.0.6.tgz",
      "integrity": "sha512-AynjE7OOEfrdKmS3nu00tkf4g66cx97T6qhfaTvc3hKi45MreBcJkIMcSowF24peygvUN41htMJuq3WQLu92iQ==",
      "peer": true,
      "requires": {
        "tslib": "^2.3.0"
      }
    },
    "@angular/core": {
      "version": "14.0.6",
      "resolved": "https://registry.npmjs.org/@angular/core/-/core-14.0.6.tgz",
      "integrity": "sha512-hyQ3s9Yrm3ejhumgAC9ENhMFmvmPlJkk1tEOjruyoiHwK4EOaDpI+GCNQIBUB1Z3B/QLMlgZeMXrULQztjSQwg==",
      "peer": true,
      "requires": {
        "tslib": "^2.3.0"
      }
    },
    "@angular/forms": {
      "version": "14.0.6",
      "resolved": "https://registry.npmjs.org/@angular/forms/-/forms-14.0.6.tgz",
      "integrity": "sha512-ITa3A6pWecDgDjBTlwQnJnSOc1o35bIvRpTclLx/ysDbn4FB2tPy4iseCSrOlgdJHZjBcHBIxX27yYjWyBfIwQ==",
      "peer": true,
      "requires": {
        "tslib": "^2.3.0"
      }
    },
    "@angular/material": {
      "version": "14.0.5",
      "resolved": "https://registry.npmjs.org/@angular/material/-/material-14.0.5.tgz",
      "integrity": "sha512-IjY85AhvgTBNaNDjxi10d6nuEvSynO4jioaO+6LYkdAba/d3Lr2MktyNBtc9UWKfaitMVQwE8qvqf3dTskmGBg==",
      "requires": {
        "tslib": "^2.3.0"
      }
    },
    "@angular/material-moment-adapter": {
      "version": "14.0.5",
      "resolved": "https://registry.npmjs.org/@angular/material-moment-adapter/-/material-moment-adapter-14.0.5.tgz",
      "integrity": "sha512-p6vPFUFE3jqD9bF+TO4ozelwR+x+n+qY0qAGNS13V7QnhZw6gjGdEe90UyPXs1rUO7nNaNPinICBBzVPmKY6ww==",
      "requires": {
        "tslib": "^2.3.0"
      }
    },
    "@angular/platform-browser": {
      "version": "14.0.6",
      "resolved": "https://registry.npmjs.org/@angular/platform-browser/-/platform-browser-14.0.6.tgz",
      "integrity": "sha512-d9PS2E5HSgiKzItHzVdxdBoMeaOvlDo6ccSEXLYCGyJ9MykDjKvJPWy6GicilBPa8g4VGJpk9J+lbgXXAOkCFA==",
      "peer": true,
      "requires": {
        "tslib": "^2.3.0"
      }
    },
    "moment": {
      "version": "2.29.4",
      "resolved": "https://registry.npmjs.org/moment/-/moment-2.29.4.tgz",
      "integrity": "sha512-5LC9SOxjSc2HF6vO2CyuTDNivEdoz2IvyJJGj6X8DJ0eFyfszE0QiEd+iXmBvUP3WHxSjFH/vIsA0EN00cgr8w==",
      "peer": true
    },
    "parse5": {
      "version": "5.1.1",
      "resolved": "https://registry.npmjs.org/parse5/-/parse5-5.1.1.tgz",
      "integrity": "sha512-ugq4DFI0Ptb+WWjAdOK16+u/nHfiIrcE+sh8kZMaM0WllQKLI9rOUq6c2b7cwPkXdzfQESqvoqK6ug7U/Yyzug==",
      "optional": true
    },
    "rxjs": {
      "version": "7.5.6",
      "resolved": "https://registry.npmjs.org/rxjs/-/rxjs-7.5.6.tgz",
      "integrity": "sha512-dnyv2/YsXhnm461G+R/Pe5bWP41Nm6LBXEYWI6eiFP4fiwx6WRI/CD0zbdVAudd9xwLEF2IDcKXLHit0FYjUzw==",
      "peer": true,
      "requires": {
        "tslib": "^2.1.0"
      }
    },
    "tslib": {
      "version": "2.4.0",
      "resolved": "https://registry.npmjs.org/tslib/-/tslib-2.4.0.tgz",
      "integrity": "sha512-d6xOpEDfsi2CZVlPQzGeux8XMwLT9hssAsaPYExaQMuYskwb+x1x7J371tWlbBdWHroy99KnVB6qIkUbs5X3UQ=="
    },
    "zone.js": {
      "version": "0.11.6",
      "resolved": "https://registry.npmjs.org/zone.js/-/zone.js-0.11.6.tgz",
      "integrity": "sha512-umJqFtKyZlPli669gB1gOrRE9hxUUGkZr7mo878z+NEBJZZixJkKeVYfnoLa7g25SseUDc92OZrMKKHySyJrFg==",
      "peer": true,
      "requires": {
        "tslib": "^2.3.0"
      }
    }
  }
}
